<?xml version="1.0" encoding="utf-8"?>
<Project ToolsVersion="4.0" xmlns="http://schemas.microsoft.com/developer/msbuild/2003">
  <ItemGroup>
    <Filter Include="Файлы исходного кода">
      <UniqueIdentifier>{4FC737F1-C7A5-4376-A066-2A32D752A2FF}</UniqueIdentifier>
      <Extensions>cpp;c;cc;cxx;def;odl;idl;hpj;bat;asm;asmx</Extensions>
    </Filter>
    <Filter Include="Заголовочные файлы">
      <UniqueIdentifier>{93995380-89BD-4b04-88EB-625FBE52EBFB}</UniqueIdentifier>
      <Extensions>h;hpp;hxx;hm;inl;inc;xsd</Extensions>
    </Filter>
    <Filter Include="Файлы ресурсов">
      <UniqueIdentifier>{67DA6AB6-F800-4c08-8B7A-83BB121AAD01}</UniqueIdentifier>
      <Extensions>rc;ico;cur;bmp;dlg;rc2;rct;bin;rgs;gif;jpg;jpeg;jpe;resx;tiff;tif;png;wav;mfcribbon-ms</Extensions>
    </Filter>
    <Filter Include="Terrain">
      <UniqueIdentifier>{dc4637d6-a2fe-4f4f-adb8-961185f758ce}</UniqueIdentifier>
    </Filter>
    <Filter Include="Terrain\Cache">
      <UniqueIdentifier>{c09c7976-3edc-43d4-8a9e-f1ae0293a8d6}</UniqueIdentifier>
      <Extensions>
      </Extensions>
    </Filter>
    <Filter Include="Models">
      <UniqueIdentifier>{006f1b8b-b3fb-4a1d-9dfd-f8a9f9043d95}</UniqueIdentifier>
    </Filter>
    <Filter Include="Models\Cache">
      <UniqueIdentifier>{646ce722-7e35-480b-9fe7-d31301ffef19}</UniqueIdentifier>
    </Filter>
    <Filter Include="Models\Structures">
      <UniqueIdentifier>{e33fb268-c175-4547-b1ce-945389fc3718}</UniqueIdentifier>
    </Filter>
    <Filter Include="Structures">
      <UniqueIdentifier>{e2e8aa93-b1c9-436a-8d26-d9ec7ffc952e}</UniqueIdentifier>
    </Filter>
    <Filter Include="Structures\ADT">
      <UniqueIdentifier>{d60f5f22-1f59-421e-ae8a-c8313e959ec8}</UniqueIdentifier>
    </Filter>
    <Filter Include="Structures\ADT\MCNK">
      <UniqueIdentifier>{4b13f1ac-cecb-4a74-9f2c-d68066fe7c9a}</UniqueIdentifier>
    </Filter>
    <Filter Include="Structures\M2">
      <UniqueIdentifier>{fdb4db16-cc22-4c76-b57a-21a760632f1b}</UniqueIdentifier>
    </Filter>
  </ItemGroup>
  <ItemGroup>
    <ClInclude Include="MCNK.h">
      <Filter>Structures\ADT\MCNK</Filter>
    </ClInclude>
    <ClInclude Include="ChunkedData.h">
      <Filter>Structures</Filter>
    </ClInclude>
    <ClInclude Include="Chunk.h">
      <Filter>Terrain</Filter>
    </ClInclude>
    <ClInclude Include="ADTWorker.h">
      <Filter>Terrain</Filter>
    </ClInclude>
    <ClInclude Include="ADTCache.h">
      <Filter>Terrain\Cache</Filter>
    </ClInclude>
    <ClInclude Include="ChunkCache.h">
      <Filter>Terrain\Cache</Filter>
    </ClInclude>
    <ClInclude Include="MapArea.h">
      <Filter>Terrain</Filter>
    </ClInclude>
    <ClInclude Include="Adt.h">
      <Filter>Terrain</Filter>
    </ClInclude>
    <ClInclude Include="SquareArea.h">
      <Filter>Terrain</Filter>
    </ClInclude>
    <ClInclude Include="Utils.h">
      <Filter>Заголовочные файлы</Filter>
    </ClInclude>
    <ClInclude Include="Model.h">
      <Filter>Заголовочные файлы</Filter>
    </ClInclude>
    <ClInclude Include="M2.h">
      <Filter>Models</Filter>
    </ClInclude>
    <ClInclude Include="Cache.h">
      <Filter>Заголовочные файлы</Filter>
    </ClInclude>
    <ClInclude Include="M2Cache.h">
      <Filter>Models\Cache</Filter>
    </ClInclude>
    <ClInclude Include="M2Header.h">
      <Filter>Structures\M2</Filter>
    </ClInclude>
    <ClInclude Include="ADTStructs.h">
      <Filter>Structures\ADT</Filter>
    </ClInclude>
    <ClInclude Include="M2Structs.h">
      <Filter>Models\Structures</Filter>
    </ClInclude>
    <ClInclude Include="Doodad.h">
      <Filter>Заголовочные файлы</Filter>
    </ClInclude>
    <ClInclude Include="WowObjectAvatar.h">
      <Filter>Заголовочные файлы</Filter>
    </ClInclude>
  </ItemGroup>
  <ItemGroup>
    <ClCompile Include="Utils.cpp">
      <Filter>Файлы исходного кода</Filter>
    </ClCompile>
    <ClCompile Include="ChunkedData.cpp">
      <Filter>Structures</Filter>
    </ClCompile>
    <ClCompile Include="Chunk.cpp">
      <Filter>Terrain</Filter>
    </ClCompile>
    <ClCompile Include="ADTCache.cpp">
      <Filter>Terrain\Cache</Filter>
    </ClCompile>
    <ClCompile Include="ADTWorker.cpp">
      <Filter>Terrain</Filter>
    </ClCompile>
    <ClCompile Include="ChunkCache.cpp">
      <Filter>Terrain\Cache</Filter>
    </ClCompile>
    <ClCompile Include="MapArea.cpp">
      <Filter>Terrain</Filter>
    </ClCompile>
    <ClCompile Include="Adt.cpp">
      <Filter>Terrain</Filter>
    </ClCompile>
    <ClCompile Include="SquareArea.cpp">
      <Filter>Terrain</Filter>
    </ClCompile>
    <ClCompile Include="Model.cpp">
      <Filter>Файлы исходного кода</Filter>
    </ClCompile>
    <ClCompile Include="M2.cpp">
      <Filter>Models</Filter>
    </ClCompile>
    <ClCompile Include="Cache.cpp">
      <Filter>Файлы исходного кода</Filter>
    </ClCompile>
    <ClCompile Include="M2Cache.cpp">
      <Filter>Models\Cache</Filter>
    </ClCompile>
    <ClCompile Include="Doodad.cpp">
      <Filter>Файлы исходного кода</Filter>
    </ClCompile>
    <ClCompile Include="WowObjectAvatar.cpp">
      <Filter>Файлы исходного кода</Filter>
    </ClCompile>
  </ItemGroup>
</Project>